
Microsoft Visual Studio Solution File, Format Version 12.00
# Visual Studio Version 16
VisualStudioVersion = 16.0.30406.217
MinimumVisualStudioVersion = 10.0.40219.1
Project("{FAE04EC0-301F-11D3-BF4B-00C04F79EFBC}") = "WindowsFormsappPracticaTemaGit", "WindowsFormsappPracticaTemaGit\WindowsFormsappPracticaTemaGit.csproj", "{50D7DD5A-4058-4F97-BFBF-7F8D61FB349B}"
EndProject
Global
	GlobalSection(SolutionConfigurationPlatforms) = preSolution
		Debug|Any CPU = Debug|Any CPU
		Release|Any CPU = Release|Any CPU
	EndGlobalSection
	GlobalSection(ProjectConfigurationPlatforms) = postSolution
		{50D7DD5A-4058-4F97-BFBF-7F8D61FB349B}.Debug|Any CPU.ActiveCfg = Debug|Any CPU
		{50D7DD5A-4058-4F97-BFBF-7F8D61FB349B}.Debug|Any CPU.Build.0 = Debug|Any CPU
		{50D7DD5A-4058-4F97-BFBF-7F8D61FB349B}.Release|Any CPU.ActiveCfg = Release|Any CPU
		{50D7DD5A-4058-4F97-BFBF-7F8D61FB349B}.Release|Any CPU.Build.0 = Release|Any CPU
	EndGlobalSection
	GlobalSection(SolutionProperties) = preSolution
		HideSolutionNode = FALSE
	EndGlobalSection
	GlobalSection(ExtensibilityGlobals) = postSolution
		SolutionGuid = {966B49E4-0C89-45ED-AE94-D5BB88CD3406}
	EndGlobalSection
EndGlobal
